
Microsoft Visual Studio Solution File, Format Version 12.00
# Visual Studio Version 16
VisualStudioVersion = 16.0.30204.135
MinimumVisualStudioVersion = 10.0.40219.1
Project("{FAE04EC0-301F-11D3-BF4B-00C04F79EFBC}") = "Covid19.Web", "Covid19.Web\Covid19.Web.csproj", "{4AB5C66C-97E2-40A0-84A5-20430E463A89}"
EndProject
Project("{FAE04EC0-301F-11D3-BF4B-00C04F79EFBC}") = "Covid19.Domain", "Covid19.Domain\Covid19.Domain.csproj", "{252C5F3A-55B1-4DFE-9D33-013842A65C51}"
EndProject
Global
	GlobalSection(SolutionConfigurationPlatforms) = preSolution
		Debug|Any CPU = Debug|Any CPU
		Release|Any CPU = Release|Any CPU
	EndGlobalSection
	GlobalSection(ProjectConfigurationPlatforms) = postSolution
		{4AB5C66C-97E2-40A0-84A5-20430E463A89}.Debug|Any CPU.ActiveCfg = Debug|Any CPU
		{4AB5C66C-97E2-40A0-84A5-20430E463A89}.Debug|Any CPU.Build.0 = Debug|Any CPU
		{4AB5C66C-97E2-40A0-84A5-20430E463A89}.Release|Any CPU.ActiveCfg = Release|Any CPU
		{4AB5C66C-97E2-40A0-84A5-20430E463A89}.Release|Any CPU.Build.0 = Release|Any CPU
		{252C5F3A-55B1-4DFE-9D33-013842A65C51}.Debug|Any CPU.ActiveCfg = Debug|Any CPU
		{252C5F3A-55B1-4DFE-9D33-013842A65C51}.Debug|Any CPU.Build.0 = Debug|Any CPU
		{252C5F3A-55B1-4DFE-9D33-013842A65C51}.Release|Any CPU.ActiveCfg = Release|Any CPU
		{252C5F3A-55B1-4DFE-9D33-013842A65C51}.Release|Any CPU.Build.0 = Release|Any CPU
	EndGlobalSection
	GlobalSection(SolutionProperties) = preSolution
		HideSolutionNode = FALSE
	EndGlobalSection
	GlobalSection(ExtensibilityGlobals) = postSolution
		SolutionGuid = {306077E8-13D9-4263-B0A0-D1B3D53F96D1}
	EndGlobalSection
EndGlobal
